
Microsoft Visual Studio Solution File, Format Version 12.00
# Visual Studio 15
VisualStudioVersion = 15.0.27428.2027
MinimumVisualStudioVersion = 10.0.40219.1
Project("{FAE04EC0-301F-11D3-BF4B-00C04F79EFBC}") = "portalDemo", "portalDemo\portalDemo.csproj", "{AC053622-76B4-4B32-BEB6-981AB099C3F8}"
EndProject
Project("{FAE04EC0-301F-11D3-BF4B-00C04F79EFBC}") = "portal.Util", "portal.Util\portal.Util.csproj", "{71D830F7-9C6C-4CFB-B227-294A257C8FED}"
EndProject
Project("{FAE04EC0-301F-11D3-BF4B-00C04F79EFBC}") = "portal.Domain", "portal.Domain\portal.Domain.csproj", "{9BEC4092-9B67-403D-92E9-30E2FBF2C059}"
EndProject
Global
	GlobalSection(SolutionConfigurationPlatforms) = preSolution
		Debug|Any CPU = Debug|Any CPU
		Release|Any CPU = Release|Any CPU
	EndGlobalSection
	GlobalSection(ProjectConfigurationPlatforms) = postSolution
		{AC053622-76B4-4B32-BEB6-981AB099C3F8}.Debug|Any CPU.ActiveCfg = Debug|Any CPU
		{AC053622-76B4-4B32-BEB6-981AB099C3F8}.Debug|Any CPU.Build.0 = Debug|Any CPU
		{AC053622-76B4-4B32-BEB6-981AB099C3F8}.Release|Any CPU.ActiveCfg = Release|Any CPU
		{AC053622-76B4-4B32-BEB6-981AB099C3F8}.Release|Any CPU.Build.0 = Release|Any CPU
		{71D830F7-9C6C-4CFB-B227-294A257C8FED}.Debug|Any CPU.ActiveCfg = Debug|Any CPU
		{71D830F7-9C6C-4CFB-B227-294A257C8FED}.Debug|Any CPU.Build.0 = Debug|Any CPU
		{71D830F7-9C6C-4CFB-B227-294A257C8FED}.Release|Any CPU.ActiveCfg = Release|Any CPU
		{71D830F7-9C6C-4CFB-B227-294A257C8FED}.Release|Any CPU.Build.0 = Release|Any CPU
		{9BEC4092-9B67-403D-92E9-30E2FBF2C059}.Debug|Any CPU.ActiveCfg = Debug|Any CPU
		{9BEC4092-9B67-403D-92E9-30E2FBF2C059}.Debug|Any CPU.Build.0 = Debug|Any CPU
		{9BEC4092-9B67-403D-92E9-30E2FBF2C059}.Release|Any CPU.ActiveCfg = Release|Any CPU
		{9BEC4092-9B67-403D-92E9-30E2FBF2C059}.Release|Any CPU.Build.0 = Release|Any CPU
	EndGlobalSection
	GlobalSection(SolutionProperties) = preSolution
		HideSolutionNode = FALSE
	EndGlobalSection
	GlobalSection(ExtensibilityGlobals) = postSolution
		SolutionGuid = {4E6F1CAB-64A9-4C69-9D5C-3A60F2A004AF}
	EndGlobalSection
EndGlobal
